
Microsoft Visual Studio Solution File, Format Version 12.00
Project("{FAE04EC0-301F-11D3-BF4B-00C04F79EFBC}") = "WebApi", "WebApi\WebApi.csproj", "{112E2E45-BE8B-4F36-8E59-870AA3306A03}"
EndProject
Project("{FAE04EC0-301F-11D3-BF4B-00C04F79EFBC}") = "Core", "Core\Core.csproj", "{82C3B991-22C7-4F2B-92C9-FA1A5406FBBD}"
EndProject
Project("{FAE04EC0-301F-11D3-BF4B-00C04F79EFBC}") = "Common", "Common\Common.csproj", "{B2517473-7B88-486A-B2CA-F4B03B47382F}"
EndProject
Global
	GlobalSection(SolutionConfigurationPlatforms) = preSolution
		Debug|Any CPU = Debug|Any CPU
		Release|Any CPU = Release|Any CPU
	EndGlobalSection
	GlobalSection(ProjectConfigurationPlatforms) = postSolution
		{112E2E45-BE8B-4F36-8E59-870AA3306A03}.Debug|Any CPU.ActiveCfg = Debug|Any CPU
		{112E2E45-BE8B-4F36-8E59-870AA3306A03}.Debug|Any CPU.Build.0 = Debug|Any CPU
		{112E2E45-BE8B-4F36-8E59-870AA3306A03}.Release|Any CPU.ActiveCfg = Release|Any CPU
		{112E2E45-BE8B-4F36-8E59-870AA3306A03}.Release|Any CPU.Build.0 = Release|Any CPU
		{82C3B991-22C7-4F2B-92C9-FA1A5406FBBD}.Debug|Any CPU.ActiveCfg = Debug|Any CPU
		{82C3B991-22C7-4F2B-92C9-FA1A5406FBBD}.Debug|Any CPU.Build.0 = Debug|Any CPU
		{82C3B991-22C7-4F2B-92C9-FA1A5406FBBD}.Release|Any CPU.ActiveCfg = Release|Any CPU
		{82C3B991-22C7-4F2B-92C9-FA1A5406FBBD}.Release|Any CPU.Build.0 = Release|Any CPU
		{B2517473-7B88-486A-B2CA-F4B03B47382F}.Debug|Any CPU.ActiveCfg = Debug|Any CPU
		{B2517473-7B88-486A-B2CA-F4B03B47382F}.Debug|Any CPU.Build.0 = Debug|Any CPU
		{B2517473-7B88-486A-B2CA-F4B03B47382F}.Release|Any CPU.ActiveCfg = Release|Any CPU
		{B2517473-7B88-486A-B2CA-F4B03B47382F}.Release|Any CPU.Build.0 = Release|Any CPU
	EndGlobalSection
EndGlobal
